
Microsoft Visual Studio Solution File, Format Version 12.00
# Visual Studio Version 16
VisualStudioVersion = 16.0.31313.79
MinimumVisualStudioVersion = 10.0.40219.1
Project("{8BC9CEB8-8B4A-11D0-8D11-00A0C91BC942}") = "textEditor", "textEditor.vcxproj", "{27D727DA-FA8E-49FB-824D-43767B8F0E93}"
EndProject
Global
	GlobalSection(SolutionConfigurationPlatforms) = preSolution
		Debug|x64 = Debug|x64
		Debug|x86 = Debug|x86
		Release|x64 = Release|x64
		Release|x86 = Release|x86
	EndGlobalSection
	GlobalSection(ProjectConfigurationPlatforms) = postSolution
		{27D727DA-FA8E-49FB-824D-43767B8F0E93}.Debug|x64.ActiveCfg = Debug|x64
		{27D727DA-FA8E-49FB-824D-43767B8F0E93}.Debug|x64.Build.0 = Debug|x64
		{27D727DA-FA8E-49FB-824D-43767B8F0E93}.Debug|x86.ActiveCfg = Debug|Win32
		{27D727DA-FA8E-49FB-824D-43767B8F0E93}.Debug|x86.Build.0 = Debug|Win32
		{27D727DA-FA8E-49FB-824D-43767B8F0E93}.Release|x64.ActiveCfg = Release|x64
		{27D727DA-FA8E-49FB-824D-43767B8F0E93}.Release|x64.Build.0 = Release|x64
		{27D727DA-FA8E-49FB-824D-43767B8F0E93}.Release|x86.ActiveCfg = Release|Win32
		{27D727DA-FA8E-49FB-824D-43767B8F0E93}.Release|x86.Build.0 = Release|Win32
	EndGlobalSection
	GlobalSection(SolutionProperties) = preSolution
		HideSolutionNode = FALSE
	EndGlobalSection
	GlobalSection(ExtensibilityGlobals) = postSolution
		SolutionGuid = {2CDADF96-84BD-4B80-A028-44A9E124F6A8}
	EndGlobalSection
EndGlobal
